// !$*UTF8*$!
{
	archiveVersion = 1;
	classes = {
	};
	objectVersion = 46;
	objects = {

/* Begin PBXBuildFile section */
		D458592B1F00E03300424DDF /* AppDelegate.swift in Sources */ = {isa = PBXBuildFile; fileRef = D458592A1F00E03300424DDF /* AppDelegate.swift */; };
		D45859301F00E03300424DDF /* Main.storyboard in Resources */ = {isa = PBXBuildFile; fileRef = D458592E1F00E03300424DDF /* Main.storyboard */; };
		D45859321F00E03300424DDF /* Assets.xcassets in Resources */ = {isa = PBXBuildFile; fileRef = D45859311F00E03300424DDF /* Assets.xcassets */; };
		D45859351F00E03300424DDF /* LaunchScreen.storyboard in Resources */ = {isa = PBXBuildFile; fileRef = D45859331F00E03300424DDF /* LaunchScreen.storyboard */; };
		D458593D1F00E49400424DDF /* TableViewController.swift in Sources */ = {isa = PBXBuildFile; fileRef = D458593C1F00E49400424DDF /* TableViewController.swift */; };
		D458593F1F00E51C00424DDF /* Weather.swift in Sources */ = {isa = PBXBuildFile; fileRef = D458593E1F00E51C00424DDF /* Weather.swift */; };
/* End PBXBuildFile section */

/* Begin PBXFileReference section */
		D45859271F00E03300424DDF /* weatherForecastApp1.0.app */ = {isa = PBXFileReference; explicitFileType = wrapper.application; includeInIndex = 0; path = weatherForecastApp1.0.app; sourceTree = BUILT_PRODUCTS_DIR; };
		D458592A1F00E03300424DDF /* AppDelegate.swift */ = {isa = PBXFileReference; lastKnownFileType = sourcecode.swift; path = AppDelegate.swift; sourceTree = "<group>"; };
		D458592F1F00E03300424DDF /* Base */ = {isa = PBXFileReference; lastKnownFileType = file.storyboard; name = Base; path = Base.lproj/Main.storyboard; sourceTree = "<group>"; };
		D45859311F00E03300424DDF /* Assets.xcassets */ = {isa = PBXFileReference; lastKnownFileType = folder.assetcatalog; path = Assets.xcassets; sourceTree = "<group>"; };
		D45859341F00E03300424DDF /* Base */ = {isa = PBXFileReference; lastKnownFileType = file.storyboard; name = Base; path = Base.lproj/LaunchScreen.storyboard; sourceTree = "<group>"; };
		D45859361F00E03300424DDF /* Info.plist */ = {isa = PBXFileReference; lastKnownFileType = text.plist.xml; path = Info.plist; sourceTree = "<group>"; };
		D458593C1F00E49400424DDF /* TableViewController.swift */ = {isa = PBXFileReference; fileEncoding = 4; lastKnownFileType = sourcecode.swift; path = TableViewController.swift; sourceTree = "<group>"; };
		D458593E1F00E51C00424DDF /* Weather.swift */ = {isa = PBXFileReference; fileEncoding = 4; lastKnownFileType = sourcecode.swift; path = Weather.swift; sourceTree = "<group>"; };
/* End PBXFileReference section */

/* Begin PBXFrameworksBuildPhase section */
		D45859241F00E03300424DDF /* Frameworks */ = {
			isa = PBXFrameworksBuildPhase;
			buildActionMask = 2147483647;
			files = (
			);
			runOnlyForDeploymentPostprocessing = 0;
		};
/* End PBXFrameworksBuildPhase section */

/* Begin PBXGroup section */
		D458591E1F00E03300424DDF = {
			isa = PBXGroup;
			children = (
				D45859291F00E03300424DDF /* weatherForecastApp1.0 */,
				D45859281F00E03300424DDF /* Products */,
			);
			sourceTree = "<group>";
		};
		D45859281F00E03300424DDF /* Products */ = {
			isa = PBXGroup;
			children = (
				D45859271F00E03300424DDF /* weatherForecastApp1.0.app */,
			);
			name = Products;
			sourceTree = "<group>";
		};
		D45859291F00E03300424DDF /* weatherForecastApp1.0 */ = {
			isa = PBXGroup;
			children = (
				D458592A1F00E03300424DDF /* AppDelegate.swift */,
				D458593E1F00E51C00424DDF /* Weather.swift */,
				D458593C1F00E49400424DDF /* TableViewController.swift */,
				D458592E1F00E03300424DDF /* Main.storyboard */,
				D45859311F00E03300424DDF /* Assets.xcassets */,
				D45859331F00E03300424DDF /* LaunchScreen.storyboard */,
				D45859361F00E03300424DDF /* Info.plist */,
			);
			path = weatherForecastApp1.0;
			sourceTree = "<group>";
		};
/* End PBXGroup section */

/* Begin PBXNativeTarget section */
		D45859261F00E03300424DDF /* weatherForecastApp1.0 */ = {
			isa = PBXNativeTarget;
			buildConfigurationList = D45859391F00E03300424DDF /* Build configuration list for PBXNativeTarget "weatherForecastApp1.0" */;
			buildPhases = (
				D45859231F00E03300424DDF /* Sources */,
				D45859241F00E03300424DDF /* Frameworks */,
				D45859251F00E03300424DDF /* Resources */,
			);
			buildRules = (
			);
			dependencies = (
			);
			name = weatherForecastApp1.0;
			productName = weatherForecastApp1.0;
			productReference = D45859271F00E03300424DDF /* weatherForecastApp1.0.app */;
			productType = "com.apple.product-type.application";
		};
/* End PBXNativeTarget section */

/* Begin PBXProject section */
		D458591F1F00E03300424DDF /* Project object */ = {
			isa = PBXProject;
			attributes = {
				LastSwiftUpdateCheck = 0830;
				LastUpgradeCheck = 0830;
				ORGANIZATIONNAME = "mahendra singh";
				TargetAttributes = {
					D45859261F00E03300424DDF = {
						CreatedOnToolsVersion = 8.3.2;
						ProvisioningStyle = Automatic;
					};
				};
			};
			buildConfigurationList = D45859221F00E03300424DDF /* Build configuration list for PBXProject "weatherForecastApp1.0" */;
			compatibilityVersion = "Xcode 3.2";
			developmentRegion = English;
			hasScannedForEncodings = 0;
			knownRegions = (
				en,
				Base,
			);
			mainGroup = D458591E1F00E03300424DDF;
			productRefGroup = D45859281F00E03300424DDF /* Products */;
			projectDirPath = "";
			projectRoot = "";
			targets = (
				D45859261F00E03300424DDF /* weatherForecastApp1.0 */,
			);
		};
/* End PBXProject section */

/* Begin PBXResourcesBuildPhase section */
		D45859251F00E03300424DDF /* Resources */ = {
			isa = PBXResourcesBuildPhase;
			buildActionMask = 2147483647;
			files = (
				D45859351F00E03300424DDF /* LaunchScreen.storyboard in Resources */,
				D45859321F00E03300424DDF /* Assets.xcassets in Resources */,
				D45859301F00E03300424DDF /* Main.storyboard in Resources */,
			);
			runOnlyForDeploymentPostprocessing = 0;
		};
/* End PBXResourcesBuildPhase section */

/* Begin PBXSourcesBuildPhase section */
		D45859231F00E03300424DDF /* Sources */ = {
			isa = PBXSourcesBuildPhase;
			buildActionMask = 2147483647;
			files = (
				D458592B1F00E03300424DDF /* AppDelegate.swift in Sources */,
				D458593F1F00E51C00424DDF /* Weather.swift in Sources */,
				D458593D1F00E49400424DDF /* TableViewController.swift in Sources */,
			);
			runOnlyForDeploymentPostprocessing = 0;
		};
/* End PBXSourcesBuildPhase section */

/* Begin PBXVariantGroup section */
		D458592E1F00E03300424DDF /* Main.storyboard */ = {
			isa = PBXVariantGroup;
			children = (
				D458592F1F00E03300424DDF /* Base */,
			);
			name = Main.storyboard;
			sourceTree = "<group>";
		};
		D45859331F00E03300424DDF /* LaunchScreen.storyboard */ = {
			isa = PBXVariantGroup;
			children = (
				D45859341F00E03300424DDF /* Base */,
			);
			name = LaunchScreen.storyboard;
			sourceTree = "<group>";
		};
/* End PBXVariantGroup section */

/* Begin XCBuildConfiguration section */
		D45859371F00E03300424DDF /* Debug */ = {
			isa = XCBuildConfiguration;
			buildSettings = {
				ALWAYS_SEARCH_USER_PATHS = NO;
				CLANG_ANALYZER_NONNULL = YES;
				CLANG_ANALYZER_NUMBER_OBJECT_CONVERSION = YES_AGGRESSIVE;
				CLANG_CXX_LANGUAGE_STANDARD = "gnu++0x";
				CLANG_CXX_LIBRARY = "libc++";
				CLANG_ENABLE_MODULES = YES;
				CLANG_ENABLE_OBJC_ARC = YES;
				CLANG_WARN_BOOL_CONVERSION = YES;
				CLANG_WARN_CONSTANT_CONVERSION = YES;
				CLANG_WARN_DIRECT_OBJC_ISA_USAGE = YES_ERROR;
				CLANG_WARN_DOCUMENTATION_COMMENTS = YES;
				CLANG_WARN_EMPTY_BODY = YES;
				CLANG_WARN_ENUM_CONVERSION = YES;
				CLANG_WARN_INFINITE_RECURSION = YES;
				CLANG_WARN_INT_CONVERSION = YES;
				CLANG_WARN_OBJC_ROOT_CLASS = YES_ERROR;
				CLANG_WARN_SUSPICIOUS_MOVE = YES;
				CLANG_WARN_UNREACHABLE_CODE = YES;
				CLANG_WARN__DUPLICATE_METHOD_MATCH = YES;
				"CODE_SIGN_IDENTITY[sdk=iphoneos*]" = "iPhone Developer";
				COPY_PHASE_STRIP = NO;
				DEBUG_INFORMATION_FORMAT = dwarf;
				ENABLE_STRICT_OBJC_MSGSEND = YES;
				ENABLE_TESTABILITY = YES;
				GCC_C_LANGUAGE_STANDARD = gnu99;
				GCC_DYNAMIC_NO_PIC = NO;
				GCC_NO_COMMON_BLOCKS = YES;
				GCC_OPTIMIZATION_LEVEL = 0;
				GCC_PREPROCESSOR_DEFINITIONS = (
					"DEBUG=1",
					"$(inherited)",
				);
				GCC_WARN_64_TO_32_BIT_CONVERSION = YES;
				GCC_WARN_ABOUT_RETURN_TYPE = YES_ERROR;
				GCC_WARN_UNDECLARED_SELECTOR = YES;
				GCC_WARN_UNINITIALIZED_AUTOS = YES_AGGRESSIVE;
				GCC_WARN_UNUSED_FUNCTION = YES;
				GCC_WARN_UNUSED_VARIABLE = YES;
				IPHONEOS_DEPLOYMENT_TARGET = 10.3;
				MTL_ENABLE_DEBUG_INFO = YES;
				ONLY_ACTIVE_ARCH = YES;
				SDKROOT = iphoneos;
				SWIFT_ACTIVE_COMPILATION_CONDITIONS = DEBUG;
				SWIFT_OPTIMIZATION_LEVEL = "-Onone";
				TARGETED_DEVICE_FAMILY = "1,2";
			};
			name = Debug;
		};
		D45859381F00E03300424DDF /* Release */ = {
			isa = XCBuildConfiguration;
			buildSettings = {
				ALWAYS_SEARCH_USER_PATHS = NO;
				CLANG_ANALYZER_NONNULL = YES;
				CLANG_ANALYZER_NUMBER_OBJECT_CONVERSION = YES_AGGRESSIVE;
				CLANG_CXX_LANGUAGE_STANDARD = "gnu++0x";
				CLANG_CXX_LIBRARY = "libc++";
				CLANG_ENABLE_MODULES = YES;
				CLANG_ENABLE_OBJC_ARC = YES;
				CLANG_WARN_BOOL_CONVERSION = YES;
				CLANG_WARN_CONSTANT_CONVERSION = YES;
				CLANG_WARN_DIRECT_OBJC_ISA_USAGE = YES_ERROR;
				CLANG_WARN_DOCUMENTATION_COMMENTS = YES;
				CLANG_WARN_EMPTY_BODY = YES;
				CLANG_WARN_ENUM_CONVERSION = YES;
				CLANG_WARN_INFINITE_RECURSION = YES;
				CLANG_WARN_INT_CONVERSION = YES;
				CLANG_WARN_OBJC_ROOT_CLASS = YES_ERROR;
				CLANG_WARN_SUSPICIOUS_MOVE = YES;
				CLANG_WARN_UNREACHABLE_CODE = YES;
				CLANG_WARN__DUPLICATE_METHOD_MATCH = YES;
				"CODE_SIGN_IDENTITY[sdk=iphoneos*]" = "iPhone Developer";
				COPY_PHASE_STRIP = NO;
				DEBUG_INFORMATION_FORMAT = "dwarf-with-dsym";
				ENABLE_NS_ASSERTIONS = NO;
				ENABLE_STRICT_OBJC_MSGSEND = YES;
				GCC_C_LANGUAGE_STANDARD = gnu99;
				GCC_NO_COMMON_BLOCKS = YES;
				GCC_WARN_64_TO_32_BIT_CONVERSION = YES;
				GCC_WARN_ABOUT_RETURN_TYPE = YES_ERROR;
				GCC_WARN_UNDECLARED_SELECTOR = YES;
				GCC_WARN_UNINITIALIZED_AUTOS = YES_AGGRESSIVE;
				GCC_WARN_UNUSED_FUNCTION = YES;
				GCC_WARN_UNUSED_VARIABLE = YES;
				IPHONEOS_DEPLOYMENT_TARGET = 10.3;
				MTL_ENABLE_DEBUG_INFO = NO;
				SDKROOT = iphoneos;
				SWIFT_OPTIMIZATION_LEVEL = "-Owholemodule";
				TARGETED_DEVICE_FAMILY = "1,2";
				VALIDATE_PRODUCT = YES;
			};
			name = Release;
		};
		D458593A1F00E03300424DDF /* Debug */ = {
			isa = XCBuildConfiguration;
			buildSettings = {
				ASSETCATALOG_COMPILER_APPICON_NAME = AppIcon;
				INFOPLIST_FILE = weatherForecastApp1.0/Info.plist;
				LD_RUNPATH_SEARCH_PATHS = "$(inherited) @executable_path/Frameworks";
				PRODUCT_BUNDLE_IDENTIFIER = "com.manu.weatherForecastApp1-0";
				PRODUCT_NAME = "$(TARGET_NAME)";
				SWIFT_VERSION = 3.0;
			};
			name = Debug;
		};
		D458593B1F00E03300424DDF /* Release */ = {
			isa = XCBuildConfiguration;
			buildSettings = {
				ASSETCATALOG_COMPILER_APPICON_NAME = AppIcon;
				INFOPLIST_FILE = weatherForecastApp1.0/Info.plist;
				LD_RUNPATH_SEARCH_PATHS = "$(inherited) @executable_path/Frameworks";
				PRODUCT_BUNDLE_IDENTIFIER = "com.manu.weatherForecastApp1-0";
				PRODUCT_NAME = "$(TARGET_NAME)";
				SWIFT_VERSION = 3.0;
			};
			name = Release;
		};
/* End XCBuildConfiguration section */

/* Begin XCConfigurationList section */
		D45859221F00E03300424DDF /* Build configuration list for PBXProject "weatherForecastApp1.0" */ = {
			isa = XCConfigurationList;
			buildConfigurations = (
				D45859371F00E03300424DDF /* Debug */,
				D45859381F00E03300424DDF /* Release */,
			);
			defaultConfigurationIsVisible = 0;
			defaultConfigurationName = Release;
		};
		D45859391F00E03300424DDF /* Build configuration list for PBXNativeTarget "weatherForecastApp1.0" */ = {
			isa = XCConfigurationList;
			buildConfigurations = (
				D458593A1F00E03300424DDF /* Debug */,
				D458593B1F00E03300424DDF /* Release */,
			);
			defaultConfigurationIsVisible = 0;
			defaultConfigurationName = Release;
		};
/* End XCConfigurationList section */
	};
	rootObject = D458591F1F00E03300424DDF /* Project object */;
}
